Microsoft Visual Studio Solution File, Format Version 12.00
# Visual Studio Version 17
VisualStudioVersion = 17.13.35931.197 d17.13
MinimumVisualStudioVersion = 10.0.40219.1
Project("{FAE04EC0-301F-11D3-BF4B-00C04F79EFBC}") = "Sias.Cosseguro", "Sias.Cosseguro\Sias.Cosseguro.csproj", "{03DF3FA8-B7A4-4517-8765-A64CE2C83C77}"
EndProject
Project("{FAE04EC0-301F-11D3-BF4B-00C04F79EFBC}") = "Sias.Bilhetes", "Sias.Bilhetes\Sias.Bilhetes.csproj", "{C9A5416A-9D85-47E1-96F3-FC30EB939D6C}"
EndProject
Project("{FAE04EC0-301F-11D3-BF4B-00C04F79EFBC}") = "Sias.Cobranca", "Sias.Cobranca\Sias.Cobranca.csproj", "{5D220A7F-2ED4-4727-AA1B-ECC6F7304B0B}"
EndProject
Project("{FAE04EC0-301F-11D3-BF4B-00C04F79EFBC}") = "Sias.Emissao", "Sias.Emissao\Sias.Emissao.csproj", "{826842A0-E149-4BC8-A1C5-616D7F0FE89A}"
EndProject
Project("{FAE04EC0-301F-11D3-BF4B-00C04F79EFBC}") = "Sias.Geral", "Sias.Geral\Sias.Geral.csproj", "{02DB9A6B-9E36-4B49-8F52-B3A1625C0135}"
EndProject
Project("{FAE04EC0-301F-11D3-BF4B-00C04F79EFBC}") = "Sias.Loterico", "Sias.Loterico\Sias.Loterico.csproj", "{6AE1BC13-8B02-4F02-8580-95EE911464C7}"
EndProject
Project("{FAE04EC0-301F-11D3-BF4B-00C04F79EFBC}") = "Sias.PessoaFisica", "Sias.PessoaFisica\Sias.PessoaFisica.csproj", "{AD7DFEE7-BED4-4155-9D4F-E30C42257584}"
EndProject
Project("{FAE04EC0-301F-11D3-BF4B-00C04F79EFBC}") = "Sias.Sinistro", "Sias.Sinistro\Sias.Sinistro.csproj", "{A8F09B31-1137-4FE7-8837-E728603CF5E6}"
EndProject
Project("{FAE04EC0-301F-11D3-BF4B-00C04F79EFBC}") = "Sias.VidaAzul", "Sias.VidaAzul\Sias.VidaAzul.csproj", "{97A38EC5-ACE1-4B43-8C77-12704D9642F5}"
EndProject
Project("{FAE04EC0-301F-11D3-BF4B-00C04F79EFBC}") = "Sias.VidaEmGrupo", "Sias.VidaEmGrupo\Sias.VidaEmGrupo.csproj", "{6A9793CF-754E-42BE-B078-94A11A289B1E}"
EndProject
Project("{FAE04EC0-301F-11D3-BF4B-00C04F79EFBC}") = "Sias.Outros", "Sias.Outros\Sias.Outros.csproj", "{778AEF68-287A-4E5B-97DB-ADC69115F671}"
EndProject
Project("{FAE04EC0-301F-11D3-BF4B-00C04F79EFBC}") = "Sias.Auto", "Sias.Auto\Sias.Auto.csproj", "{702A7896-7926-41D1-B490-4529DD3803B4}"
EndProject
Project("{FAE04EC0-301F-11D3-BF4B-00C04F79EFBC}") = "Sias.VidaEmpresarial", "Sias.VidaEmpresarial\Sias.VidaEmpresarial.csproj", "{AAAAA8D4-8314-4514-9563-2E921C8CEA75}"
EndProject
Project("{FAE04EC0-301F-11D3-BF4B-00C04F79EFBC}") = "Sias.FederalVida", "Sias.FederalVida\Sias.FederalVida.csproj", "{6191D0DE-DA4E-4DEC-80AB-B4723C9989BC}"
EndProject
Project("{FAE04EC0-301F-11D3-BF4B-00C04F79EFBC}") = "FileTests.Test", "FileTests.Test\FileTests.Test.csproj", "{ABB72612-76B7-4476-B0F8-746CF762314A}"
EndProject
Project("{FAE04EC0-301F-11D3-BF4B-00C04F79EFBC}") = "IA_ConverterCommons", "IA_ConverterCommons\IA_ConverterCommons.csproj", "{AF671B30-D5F3-47CF-A293-DF012E495CBC}"
EndProject
Project("{FAE04EC0-301F-11D3-BF4B-00C04F79EFBC}") = "Copies", "Copies\Copies.csproj", "{FD043FBF-4B4E-4BE2-A5E6-3EC9A0054C7B}"
EndProject
Project("{FAE04EC0-301F-11D3-BF4B-00C04F79EFBC}") = "Dclgens", "Dclgens\Dclgens.csproj", "{AD20A15F-4D7F-4560-99F5-1A332869E169}"
EndProject
Global
	GlobalSection(SolutionConfigurationPlatforms) = preSolution
		Debug|Any CPU = Debug|Any CPU
		Release|Any CPU = Release|Any CPU
	EndGlobalSection
	GlobalSection(ProjectConfigurationPlatforms) = postSolution
		{03DF3FA8-B7A4-4517-8765-A64CE2C83C77}.Debug|Any CPU.ActiveCfg = Debug|Any CPU
		{03DF3FA8-B7A4-4517-8765-A64CE2C83C77}.Debug|Any CPU.Build.0 = Debug|Any CPU
		{03DF3FA8-B7A4-4517-8765-A64CE2C83C77}.Release|Any CPU.ActiveCfg = Release|Any CPU
		{03DF3FA8-B7A4-4517-8765-A64CE2C83C77}.Release|Any CPU.Build.0 = Release|Any CPU
		{C9A5416A-9D85-47E1-96F3-FC30EB939D6C}.Debug|Any CPU.ActiveCfg = Debug|Any CPU
		{C9A5416A-9D85-47E1-96F3-FC30EB939D6C}.Debug|Any CPU.Build.0 = Debug|Any CPU
		{C9A5416A-9D85-47E1-96F3-FC30EB939D6C}.Release|Any CPU.ActiveCfg = Release|Any CPU
		{C9A5416A-9D85-47E1-96F3-FC30EB939D6C}.Release|Any CPU.Build.0 = Release|Any CPU
		{5D220A7F-2ED4-4727-AA1B-ECC6F7304B0B}.Debug|Any CPU.ActiveCfg = Debug|Any CPU
		{5D220A7F-2ED4-4727-AA1B-ECC6F7304B0B}.Debug|Any CPU.Build.0 = Debug|Any CPU
		{5D220A7F-2ED4-4727-AA1B-ECC6F7304B0B}.Release|Any CPU.ActiveCfg = Release|Any CPU
		{5D220A7F-2ED4-4727-AA1B-ECC6F7304B0B}.Release|Any CPU.Build.0 = Release|Any CPU
		{826842A0-E149-4BC8-A1C5-616D7F0FE89A}.Debug|Any CPU.ActiveCfg = Debug|Any CPU
		{826842A0-E149-4BC8-A1C5-616D7F0FE89A}.Debug|Any CPU.Build.0 = Debug|Any CPU
		{826842A0-E149-4BC8-A1C5-616D7F0FE89A}.Release|Any CPU.ActiveCfg = Release|Any CPU
		{826842A0-E149-4BC8-A1C5-616D7F0FE89A}.Release|Any CPU.Build.0 = Release|Any CPU
		{02DB9A6B-9E36-4B49-8F52-B3A1625C0135}.Debug|Any CPU.ActiveCfg = Debug|Any CPU
		{02DB9A6B-9E36-4B49-8F52-B3A1625C0135}.Debug|Any CPU.Build.0 = Debug|Any CPU
		{02DB9A6B-9E36-4B49-8F52-B3A1625C0135}.Release|Any CPU.ActiveCfg = Release|Any CPU
		{02DB9A6B-9E36-4B49-8F52-B3A1625C0135}.Release|Any CPU.Build.0 = Release|Any CPU
		{6AE1BC13-8B02-4F02-8580-95EE911464C7}.Debug|Any CPU.ActiveCfg = Debug|Any CPU
		{6AE1BC13-8B02-4F02-8580-95EE911464C7}.Debug|Any CPU.Build.0 = Debug|Any CPU
		{6AE1BC13-8B02-4F02-8580-95EE911464C7}.Release|Any CPU.ActiveCfg = Release|Any CPU
		{6AE1BC13-8B02-4F02-8580-95EE911464C7}.Release|Any CPU.Build.0 = Release|Any CPU
		{AD7DFEE7-BED4-4155-9D4F-E30C42257584}.Debug|Any CPU.ActiveCfg = Debug|Any CPU
		{AD7DFEE7-BED4-4155-9D4F-E30C42257584}.Debug|Any CPU.Build.0 = Debug|Any CPU
		{AD7DFEE7-BED4-4155-9D4F-E30C42257584}.Release|Any CPU.ActiveCfg = Release|Any CPU
		{AD7DFEE7-BED4-4155-9D4F-E30C42257584}.Release|Any CPU.Build.0 = Release|Any CPU
		{A8F09B31-1137-4FE7-8837-E728603CF5E6}.Debug|Any CPU.ActiveCfg = Debug|Any CPU
		{A8F09B31-1137-4FE7-8837-E728603CF5E6}.Debug|Any CPU.Build.0 = Debug|Any CPU
		{A8F09B31-1137-4FE7-8837-E728603CF5E6}.Release|Any CPU.ActiveCfg = Release|Any CPU
		{A8F09B31-1137-4FE7-8837-E728603CF5E6}.Release|Any CPU.Build.0 = Release|Any CPU
		{97A38EC5-ACE1-4B43-8C77-12704D9642F5}.Debug|Any CPU.ActiveCfg = Debug|Any CPU
		{97A38EC5-ACE1-4B43-8C77-12704D9642F5}.Debug|Any CPU.Build.0 = Debug|Any CPU
		{97A38EC5-ACE1-4B43-8C77-12704D9642F5}.Release|Any CPU.ActiveCfg = Release|Any CPU
		{97A38EC5-ACE1-4B43-8C77-12704D9642F5}.Release|Any CPU.Build.0 = Release|Any CPU
		{6A9793CF-754E-42BE-B078-94A11A289B1E}.Debug|Any CPU.ActiveCfg = Debug|Any CPU
		{6A9793CF-754E-42BE-B078-94A11A289B1E}.Debug|Any CPU.Build.0 = Debug|Any CPU
		{6A9793CF-754E-42BE-B078-94A11A289B1E}.Release|Any CPU.ActiveCfg = Release|Any CPU
		{6A9793CF-754E-42BE-B078-94A11A289B1E}.Release|Any CPU.Build.0 = Release|Any CPU
		{778AEF68-287A-4E5B-97DB-ADC69115F671}.Debug|Any CPU.ActiveCfg = Debug|Any CPU
		{778AEF68-287A-4E5B-97DB-ADC69115F671}.Debug|Any CPU.Build.0 = Debug|Any CPU
		{778AEF68-287A-4E5B-97DB-ADC69115F671}.Release|Any CPU.ActiveCfg = Release|Any CPU
		{778AEF68-287A-4E5B-97DB-ADC69115F671}.Release|Any CPU.Build.0 = Release|Any CPU
		{702A7896-7926-41D1-B490-4529DD3803B4}.Debug|Any CPU.ActiveCfg = Debug|Any CPU
		{702A7896-7926-41D1-B490-4529DD3803B4}.Debug|Any CPU.Build.0 = Debug|Any CPU
		{702A7896-7926-41D1-B490-4529DD3803B4}.Release|Any CPU.ActiveCfg = Release|Any CPU
		{702A7896-7926-41D1-B490-4529DD3803B4}.Release|Any CPU.Build.0 = Release|Any CPU
		{AAAAA8D4-8314-4514-9563-2E921C8CEA75}.Debug|Any CPU.ActiveCfg = Debug|Any CPU
		{AAAAA8D4-8314-4514-9563-2E921C8CEA75}.Debug|Any CPU.Build.0 = Debug|Any CPU
		{AAAAA8D4-8314-4514-9563-2E921C8CEA75}.Release|Any CPU.ActiveCfg = Release|Any CPU
		{AAAAA8D4-8314-4514-9563-2E921C8CEA75}.Release|Any CPU.Build.0 = Release|Any CPU
		{6191D0DE-DA4E-4DEC-80AB-B4723C9989BC}.Debug|Any CPU.ActiveCfg = Debug|Any CPU
		{6191D0DE-DA4E-4DEC-80AB-B4723C9989BC}.Debug|Any CPU.Build.0 = Debug|Any CPU
		{6191D0DE-DA4E-4DEC-80AB-B4723C9989BC}.Release|Any CPU.ActiveCfg = Release|Any CPU
		{6191D0DE-DA4E-4DEC-80AB-B4723C9989BC}.Release|Any CPU.Build.0 = Release|Any CPU
		{ABB72612-76B7-4476-B0F8-746CF762314A}.Debug|Any CPU.ActiveCfg = Debug|Any CPU
		{ABB72612-76B7-4476-B0F8-746CF762314A}.Debug|Any CPU.Build.0 = Debug|Any CPU
		{ABB72612-76B7-4476-B0F8-746CF762314A}.Release|Any CPU.ActiveCfg = Release|Any CPU
		{ABB72612-76B7-4476-B0F8-746CF762314A}.Release|Any CPU.Build.0 = Release|Any CPU
		{AF671B30-D5F3-47CF-A293-DF012E495CBC}.Debug|Any CPU.ActiveCfg = Debug|Any CPU
		{AF671B30-D5F3-47CF-A293-DF012E495CBC}.Debug|Any CPU.Build.0 = Debug|Any CPU
		{AF671B30-D5F3-47CF-A293-DF012E495CBC}.Release|Any CPU.ActiveCfg = Release|Any CPU
		{AF671B30-D5F3-47CF-A293-DF012E495CBC}.Release|Any CPU.Build.0 = Release|Any CPU
		{FD043FBF-4B4E-4BE2-A5E6-3EC9A0054C7B}.Debug|Any CPU.ActiveCfg = Debug|Any CPU
		{FD043FBF-4B4E-4BE2-A5E6-3EC9A0054C7B}.Debug|Any CPU.Build.0 = Debug|Any CPU
		{FD043FBF-4B4E-4BE2-A5E6-3EC9A0054C7B}.Release|Any CPU.ActiveCfg = Release|Any CPU
		{FD043FBF-4B4E-4BE2-A5E6-3EC9A0054C7B}.Release|Any CPU.Build.0 = Release|Any CPU
		{AD20A15F-4D7F-4560-99F5-1A332869E169}.Debug|Any CPU.ActiveCfg = Debug|Any CPU
		{AD20A15F-4D7F-4560-99F5-1A332869E169}.Debug|Any CPU.Build.0 = Debug|Any CPU
		{AD20A15F-4D7F-4560-99F5-1A332869E169}.Release|Any CPU.ActiveCfg = Release|Any CPU
		{AD20A15F-4D7F-4560-99F5-1A332869E169}.Release|Any CPU.Build.0 = Release|Any CPU
	EndGlobalSection
	GlobalSection(SolutionProperties) = preSolution
		HideSolutionNode = FALSE
	EndGlobalSection
	GlobalSection(ExtensibilityGlobals) = postSolution
		SolutionGuid = {2544D5FC-B5CC-4B7D-84F0-E94C7A1F6E4B}
	EndGlobalSection
EndGlobal
